// !$*UTF8*$!
{
	archiveVersion = 1;
	classes = {
	};
	objectVersion = 55;
	objects = {

/* Begin PBXBuildFile section */
		A23FB8B427F88504001ADECC /* AppDelegate.swift in Sources */ = {isa = PBXBuildFile; fileRef = A23FB8B327F88504001ADECC /* AppDelegate.swift */; };
		A23FB8B627F88504001ADECC /* SceneDelegate.swift in Sources */ = {isa = PBXBuildFile; fileRef = A23FB8B527F88504001ADECC /* SceneDelegate.swift */; };
		A23FB8B827F88504001ADECC /* MainViewController.swift in Sources */ = {isa = PBXBuildFile; fileRef = A23FB8B727F88504001ADECC /* MainViewController.swift */; };
		A23FB8BD27F88504001ADECC /* Assets.xcassets in Resources */ = {isa = PBXBuildFile; fileRef = A23FB8BC27F88504001ADECC /* Assets.xcassets */; };
		A23FB8C027F88504001ADECC /* LaunchScreen.storyboard in Resources */ = {isa = PBXBuildFile; fileRef = A23FB8BE27F88504001ADECC /* LaunchScreen.storyboard */; };
		A2DA6CE827F962BD00498366 /* MainInteractor.swift in Sources */ = {isa = PBXBuildFile; fileRef = A2DA6CE727F962BD00498366 /* MainInteractor.swift */; };
		A2DA6CEA27F962E600498366 /* MainPresenter.swift in Sources */ = {isa = PBXBuildFile; fileRef = A2DA6CE927F962E600498366 /* MainPresenter.swift */; };
		A2DA6CEE27F9640500498366 /* MainModels.swift in Sources */ = {isa = PBXBuildFile; fileRef = A2DA6CED27F9640500498366 /* MainModels.swift */; };
		A2DA6CF027F9676D00498366 /* AssemblyBuilder.swift in Sources */ = {isa = PBXBuildFile; fileRef = A2DA6CEF27F9676D00498366 /* AssemblyBuilder.swift */; };
/* End PBXBuildFile section */

/* Begin PBXFileReference section */
		A23FB8B027F88504001ADECC /* Architecture-CleanSwift.app */ = {isa = PBXFileReference; explicitFileType = wrapper.application; includeInIndex = 0; path = "Architecture-CleanSwift.app"; sourceTree = BUILT_PRODUCTS_DIR; };
		A23FB8B327F88504001ADECC /* AppDelegate.swift */ = {isa = PBXFileReference; lastKnownFileType = sourcecode.swift; path = AppDelegate.swift; sourceTree = "<group>"; };
		A23FB8B527F88504001ADECC /* SceneDelegate.swift */ = {isa = PBXFileReference; lastKnownFileType = sourcecode.swift; path = SceneDelegate.swift; sourceTree = "<group>"; };
		A23FB8B727F88504001ADECC /* MainViewController.swift */ = {isa = PBXFileReference; lastKnownFileType = sourcecode.swift; path = MainViewController.swift; sourceTree = "<group>"; };
		A23FB8BC27F88504001ADECC /* Assets.xcassets */ = {isa = PBXFileReference; lastKnownFileType = folder.assetcatalog; path = Assets.xcassets; sourceTree = "<group>"; };
		A23FB8BF27F88504001ADECC /* Base */ = {isa = PBXFileReference; lastKnownFileType = file.storyboard; name = Base; path = Base.lproj/LaunchScreen.storyboard; sourceTree = "<group>"; };
		A23FB8C127F88504001ADECC /* Info.plist */ = {isa = PBXFileReference; lastKnownFileType = text.plist.xml; path = Info.plist; sourceTree = "<group>"; };
		A2DA6CE727F962BD00498366 /* MainInteractor.swift */ = {isa = PBXFileReference; lastKnownFileType = sourcecode.swift; path = MainInteractor.swift; sourceTree = "<group>"; };
		A2DA6CE927F962E600498366 /* MainPresenter.swift */ = {isa = PBXFileReference; lastKnownFileType = sourcecode.swift; path = MainPresenter.swift; sourceTree = "<group>"; };
		A2DA6CED27F9640500498366 /* MainModels.swift */ = {isa = PBXFileReference; lastKnownFileType = sourcecode.swift; path = MainModels.swift; sourceTree = "<group>"; };
		A2DA6CEF27F9676D00498366 /* AssemblyBuilder.swift */ = {isa = PBXFileReference; lastKnownFileType = sourcecode.swift; path = AssemblyBuilder.swift; sourceTree = "<group>"; };
/* End PBXFileReference section */

/* Begin PBXFrameworksBuildPhase section */
		A23FB8AD27F88504001ADECC /* Frameworks */ = {
			isa = PBXFrameworksBuildPhase;
			buildActionMask = 2147483647;
			files = (
			);
			runOnlyForDeploymentPostprocessing = 0;
		};
/* End PBXFrameworksBuildPhase section */

/* Begin PBXGroup section */
		A23FB8A727F88504001ADECC = {
			isa = PBXGroup;
			children = (
				A23FB8B227F88504001ADECC /* Architecture-CleanSwift */,
				A23FB8B127F88504001ADECC /* Products */,
			);
			sourceTree = "<group>";
		};
		A23FB8B127F88504001ADECC /* Products */ = {
			isa = PBXGroup;
			children = (
				A23FB8B027F88504001ADECC /* Architecture-CleanSwift.app */,
			);
			name = Products;
			sourceTree = "<group>";
		};
		A23FB8B227F88504001ADECC /* Architecture-CleanSwift */ = {
			isa = PBXGroup;
			children = (
				A2DA6CEF27F9676D00498366 /* AssemblyBuilder.swift */,
				A2DA6CE627F9628800498366 /* Main */,
				A2DA6CEC27F9638900498366 /* Supporting Files */,
				A2DA6CEB27F9638000498366 /* Storyboards */,
			);
			path = "Architecture-CleanSwift";
			sourceTree = "<group>";
		};
		A2DA6CE627F9628800498366 /* Main */ = {
			isa = PBXGroup;
			children = (
				A23FB8B727F88504001ADECC /* MainViewController.swift */,
				A2DA6CE727F962BD00498366 /* MainInteractor.swift */,
				A2DA6CE927F962E600498366 /* MainPresenter.swift */,
				A2DA6CED27F9640500498366 /* MainModels.swift */,
			);
			path = Main;
			sourceTree = "<group>";
		};
		A2DA6CEB27F9638000498366 /* Storyboards */ = {
			isa = PBXGroup;
			children = (
				A23FB8BE27F88504001ADECC /* LaunchScreen.storyboard */,
			);
			path = Storyboards;
			sourceTree = "<group>";
		};
		A2DA6CEC27F9638900498366 /* Supporting Files */ = {
			isa = PBXGroup;
			children = (
				A23FB8B327F88504001ADECC /* AppDelegate.swift */,
				A23FB8B527F88504001ADECC /* SceneDelegate.swift */,
				A23FB8BC27F88504001ADECC /* Assets.xcassets */,
				A23FB8C127F88504001ADECC /* Info.plist */,
			);
			path = "Supporting Files";
			sourceTree = "<group>";
		};
/* End PBXGroup section */

/* Begin PBXNativeTarget section */
		A23FB8AF27F88504001ADECC /* Architecture-CleanSwift */ = {
			isa = PBXNativeTarget;
			buildConfigurationList = A23FB8C427F88504001ADECC /* Build configuration list for PBXNativeTarget "Architecture-CleanSwift" */;
			buildPhases = (
				A23FB8AC27F88504001ADECC /* Sources */,
				A23FB8AD27F88504001ADECC /* Frameworks */,
				A23FB8AE27F88504001ADECC /* Resources */,
			);
			buildRules = (
			);
			dependencies = (
			);
			name = "Architecture-CleanSwift";
			productName = "Architecture-CleanSwift";
			productReference = A23FB8B027F88504001ADECC /* Architecture-CleanSwift.app */;
			productType = "com.apple.product-type.application";
		};
/* End PBXNativeTarget section */

/* Begin PBXProject section */
		A23FB8A827F88504001ADECC /* Project object */ = {
			isa = PBXProject;
			attributes = {
				BuildIndependentTargetsInParallel = 1;
				LastSwiftUpdateCheck = 1320;
				LastUpgradeCheck = 1320;
				TargetAttributes = {
					A23FB8AF27F88504001ADECC = {
						CreatedOnToolsVersion = 13.2.1;
					};
				};
			};
			buildConfigurationList = A23FB8AB27F88504001ADECC /* Build configuration list for PBXProject "Architecture-CleanSwift" */;
			compatibilityVersion = "Xcode 13.0";
			developmentRegion = en;
			hasScannedForEncodings = 0;
			knownRegions = (
				en,
				Base,
			);
			mainGroup = A23FB8A727F88504001ADECC;
			productRefGroup = A23FB8B127F88504001ADECC /* Products */;
			projectDirPath = "";
			projectRoot = "";
			targets = (
				A23FB8AF27F88504001ADECC /* Architecture-CleanSwift */,
			);
		};
/* End PBXProject section */

/* Begin PBXResourcesBuildPhase section */
		A23FB8AE27F88504001ADECC /* Resources */ = {
			isa = PBXResourcesBuildPhase;
			buildActionMask = 2147483647;
			files = (
				A23FB8C027F88504001ADECC /* LaunchScreen.storyboard in Resources */,
				A23FB8BD27F88504001ADECC /* Assets.xcassets in Resources */,
			);
			runOnlyForDeploymentPostprocessing = 0;
		};
/* End PBXResourcesBuildPhase section */

/* Begin PBXSourcesBuildPhase section */
		A23FB8AC27F88504001ADECC /* Sources */ = {
			isa = PBXSourcesBuildPhase;
			buildActionMask = 2147483647;
			files = (
				A2DA6CEA27F962E600498366 /* MainPresenter.swift in Sources */,
				A23FB8B827F88504001ADECC /* MainViewController.swift in Sources */,
				A2DA6CEE27F9640500498366 /* MainModels.swift in Sources */,
				A23FB8B427F88504001ADECC /* AppDelegate.swift in Sources */,
				A23FB8B627F88504001ADECC /* SceneDelegate.swift in Sources */,
				A2DA6CF027F9676D00498366 /* AssemblyBuilder.swift in Sources */,
				A2DA6CE827F962BD00498366 /* MainInteractor.swift in Sources */,
			);
			runOnlyForDeploymentPostprocessing = 0;
		};
/* End PBXSourcesBuildPhase section */

/* Begin PBXVariantGroup section */
		A23FB8BE27F88504001ADECC /* LaunchScreen.storyboard */ = {
			isa = PBXVariantGroup;
			children = (
				A23FB8BF27F88504001ADECC /* Base */,
			);
			name = LaunchScreen.storyboard;
			sourceTree = "<group>";
		};
/* End PBXVariantGroup section */

/* Begin XCBuildConfiguration section */
		A23FB8C227F88504001ADECC /* Debug */ = {
			isa = XCBuildConfiguration;
			buildSettings = {
				ALWAYS_SEARCH_USER_PATHS = NO;
				CLANG_ANALYZER_NONNULL = YES;
				CLANG_ANALYZER_NUMBER_OBJECT_CONVERSION = YES_AGGRESSIVE;
				CLANG_CXX_LANGUAGE_STANDARD = "gnu++17";
				CLANG_CXX_LIBRARY = "libc++";
				CLANG_ENABLE_MODULES = YES;
				CLANG_ENABLE_OBJC_ARC = YES;
				CLANG_ENABLE_OBJC_WEAK = YES;
				CLANG_WARN_BLOCK_CAPTURE_AUTORELEASING = YES;
				CLANG_WARN_BOOL_CONVERSION = YES;
				CLANG_WARN_COMMA = YES;
				CLANG_WARN_CONSTANT_CONVERSION = YES;
				CLANG_WARN_DEPRECATED_OBJC_IMPLEMENTATIONS = YES;
				CLANG_WARN_DIRECT_OBJC_ISA_USAGE = YES_ERROR;
				CLANG_WARN_DOCUMENTATION_COMMENTS = YES;
				CLANG_WARN_EMPTY_BODY = YES;
				CLANG_WARN_ENUM_CONVERSION = YES;
				CLANG_WARN_INFINITE_RECURSION = YES;
				CLANG_WARN_INT_CONVERSION = YES;
				CLANG_WARN_NON_LITERAL_NULL_CONVERSION = YES;
				CLANG_WARN_OBJC_IMPLICIT_RETAIN_SELF = YES;
				CLANG_WARN_OBJC_LITERAL_CONVERSION = YES;
				CLANG_WARN_OBJC_ROOT_CLASS = YES_ERROR;
				CLANG_WARN_QUOTED_INCLUDE_IN_FRAMEWORK_HEADER = YES;
				CLANG_WARN_RANGE_LOOP_ANALYSIS = YES;
				CLANG_WARN_STRICT_PROTOTYPES = YES;
				CLANG_WARN_SUSPICIOUS_MOVE = YES;
				CLANG_WARN_UNGUARDED_AVAILABILITY = YES_AGGRESSIVE;
				CLANG_WARN_UNREACHABLE_CODE = YES;
				CLANG_WARN__DUPLICATE_METHOD_MATCH = YES;
				COPY_PHASE_STRIP = NO;
				DEBUG_INFORMATION_FORMAT = dwarf;
				ENABLE_STRICT_OBJC_MSGSEND = YES;
				ENABLE_TESTABILITY = YES;
				GCC_C_LANGUAGE_STANDARD = gnu11;
				GCC_DYNAMIC_NO_PIC = NO;
				GCC_NO_COMMON_BLOCKS = YES;
				GCC_OPTIMIZATION_LEVEL = 0;
				GCC_PREPROCESSOR_DEFINITIONS = (
					"DEBUG=1",
					"$(inherited)",
				);
				GCC_WARN_64_TO_32_BIT_CONVERSION = YES;
				GCC_WARN_ABOUT_RETURN_TYPE = YES_ERROR;
				GCC_WARN_UNDECLARED_SELECTOR = YES;
				GCC_WARN_UNINITIALIZED_AUTOS = YES_AGGRESSIVE;
				GCC_WARN_UNUSED_FUNCTION = YES;
				GCC_WARN_UNUSED_VARIABLE = YES;
				IPHONEOS_DEPLOYMENT_TARGET = 15.2;
				MTL_ENABLE_DEBUG_INFO = INCLUDE_SOURCE;
				MTL_FAST_MATH = YES;
				ONLY_ACTIVE_ARCH = YES;
				SDKROOT = iphoneos;
				SWIFT_ACTIVE_COMPILATION_CONDITIONS = DEBUG;
				SWIFT_OPTIMIZATION_LEVEL = "-Onone";
			};
			name = Debug;
		};
		A23FB8C327F88504001ADECC /* Release */ = {
			isa = XCBuildConfiguration;
			buildSettings = {
				ALWAYS_SEARCH_USER_PATHS = NO;
				CLANG_ANALYZER_NONNULL = YES;
				CLANG_ANALYZER_NUMBER_OBJECT_CONVERSION = YES_AGGRESSIVE;
				CLANG_CXX_LANGUAGE_STANDARD = "gnu++17";
				CLANG_CXX_LIBRARY = "libc++";
				CLANG_ENABLE_MODULES = YES;
				CLANG_ENABLE_OBJC_ARC = YES;
				CLANG_ENABLE_OBJC_WEAK = YES;
				CLANG_WARN_BLOCK_CAPTURE_AUTORELEASING = YES;
				CLANG_WARN_BOOL_CONVERSION = YES;
				CLANG_WARN_COMMA = YES;
				CLANG_WARN_CONSTANT_CONVERSION = YES;
				CLANG_WARN_DEPRECATED_OBJC_IMPLEMENTATIONS = YES;
				CLANG_WARN_DIRECT_OBJC_ISA_USAGE = YES_ERROR;
				CLANG_WARN_DOCUMENTATION_COMMENTS = YES;
				CLANG_WARN_EMPTY_BODY = YES;
				CLANG_WARN_ENUM_CONVERSION = YES;
				CLANG_WARN_INFINITE_RECURSION = YES;
				CLANG_WARN_INT_CONVERSION = YES;
				CLANG_WARN_NON_LITERAL_NULL_CONVERSION = YES;
				CLANG_WARN_OBJC_IMPLICIT_RETAIN_SELF = YES;
				CLANG_WARN_OBJC_LITERAL_CONVERSION = YES;
				CLANG_WARN_OBJC_ROOT_CLASS = YES_ERROR;
				CLANG_WARN_QUOTED_INCLUDE_IN_FRAMEWORK_HEADER = YES;
				CLANG_WARN_RANGE_LOOP_ANALYSIS = YES;
				CLANG_WARN_STRICT_PROTOTYPES = YES;
				CLANG_WARN_SUSPICIOUS_MOVE = YES;
				CLANG_WARN_UNGUARDED_AVAILABILITY = YES_AGGRESSIVE;
				CLANG_WARN_UNREACHABLE_CODE = YES;
				CLANG_WARN__DUPLICATE_METHOD_MATCH = YES;
				COPY_PHASE_STRIP = NO;
				DEBUG_INFORMATION_FORMAT = "dwarf-with-dsym";
				ENABLE_NS_ASSERTIONS = NO;
				ENABLE_STRICT_OBJC_MSGSEND = YES;
				GCC_C_LANGUAGE_STANDARD = gnu11;
				GCC_NO_COMMON_BLOCKS = YES;
				GCC_WARN_64_TO_32_BIT_CONVERSION = YES;
				GCC_WARN_ABOUT_RETURN_TYPE = YES_ERROR;
				GCC_WARN_UNDECLARED_SELECTOR = YES;
				GCC_WARN_UNINITIALIZED_AUTOS = YES_AGGRESSIVE;
				GCC_WARN_UNUSED_FUNCTION = YES;
				GCC_WARN_UNUSED_VARIABLE = YES;
				IPHONEOS_DEPLOYMENT_TARGET = 15.2;
				MTL_ENABLE_DEBUG_INFO = NO;
				MTL_FAST_MATH = YES;
				SDKROOT = iphoneos;
				SWIFT_COMPILATION_MODE = wholemodule;
				SWIFT_OPTIMIZATION_LEVEL = "-O";
				VALIDATE_PRODUCT = YES;
			};
			name = Release;
		};
		A23FB8C527F88504001ADECC /* Debug */ = {
			isa = XCBuildConfiguration;
			buildSettings = {
				ASSETCATALOG_COMPILER_APPICON_NAME = AppIcon;
				ASSETCATALOG_COMPILER_GLOBAL_ACCENT_COLOR_NAME = AccentColor;
				CODE_SIGN_STYLE = Automatic;
				CURRENT_PROJECT_VERSION = 1;
				DEVELOPMENT_TEAM = U3JHK4U826;
				GENERATE_INFOPLIST_FILE = YES;
				INFOPLIST_FILE = "Architecture-CleanSwift/Supporting Files/Info.plist";
				INFOPLIST_KEY_UIApplicationSupportsIndirectInputEvents = YES;
				INFOPLIST_KEY_UILaunchStoryboardName = LaunchScreen;
				INFOPLIST_KEY_UISupportedInterfaceOrientations_iPad = "UIInterfaceOrientationPortrait UIInterfaceOrientationPortraitUpsideDown UIInterfaceOrientationLandscapeLeft UIInterfaceOrientationLandscapeRight";
				INFOPLIST_KEY_UISupportedInterfaceOrientations_iPhone = "UIInterfaceOrientationPortrait UIInterfaceOrientationLandscapeLeft UIInterfaceOrientationLandscapeRight";
				LD_RUNPATH_SEARCH_PATHS = (
					"$(inherited)",
					"@executable_path/Frameworks",
				);
				MARKETING_VERSION = 1.0;
				PRODUCT_BUNDLE_IDENTIFIER = "YeoCompany.Architecture-CleanSwift";
				PRODUCT_NAME = "$(TARGET_NAME)";
				SWIFT_EMIT_LOC_STRINGS = YES;
				SWIFT_VERSION = 5.0;
				TARGETED_DEVICE_FAMILY = "1,2";
			};
			name = Debug;
		};
		A23FB8C627F88504001ADECC /* Release */ = {
			isa = XCBuildConfiguration;
			buildSettings = {
				ASSETCATALOG_COMPILER_APPICON_NAME = AppIcon;
				ASSETCATALOG_COMPILER_GLOBAL_ACCENT_COLOR_NAME = AccentColor;
				CODE_SIGN_STYLE = Automatic;
				CURRENT_PROJECT_VERSION = 1;
				DEVELOPMENT_TEAM = U3JHK4U826;
				GENERATE_INFOPLIST_FILE = YES;
				INFOPLIST_FILE = "Architecture-CleanSwift/Supporting Files/Info.plist";
				INFOPLIST_KEY_UIApplicationSupportsIndirectInputEvents = YES;
				INFOPLIST_KEY_UILaunchStoryboardName = LaunchScreen;
				INFOPLIST_KEY_UISupportedInterfaceOrientations_iPad = "UIInterfaceOrientationPortrait UIInterfaceOrientationPortraitUpsideDown UIInterfaceOrientationLandscapeLeft UIInterfaceOrientationLandscapeRight";
				INFOPLIST_KEY_UISupportedInterfaceOrientations_iPhone = "UIInterfaceOrientationPortrait UIInterfaceOrientationLandscapeLeft UIInterfaceOrientationLandscapeRight";
				LD_RUNPATH_SEARCH_PATHS = (
					"$(inherited)",
					"@executable_path/Frameworks",
				);
				MARKETING_VERSION = 1.0;
				PRODUCT_BUNDLE_IDENTIFIER = "YeoCompany.Architecture-CleanSwift";
				PRODUCT_NAME = "$(TARGET_NAME)";
				SWIFT_EMIT_LOC_STRINGS = YES;
				SWIFT_VERSION = 5.0;
				TARGETED_DEVICE_FAMILY = "1,2";
			};
			name = Release;
		};
/* End XCBuildConfiguration section */

/* Begin XCConfigurationList section */
		A23FB8AB27F88504001ADECC /* Build configuration list for PBXProject "Architecture-CleanSwift" */ = {
			isa = XCConfigurationList;
			buildConfigurations = (
				A23FB8C227F88504001ADECC /* Debug */,
				A23FB8C327F88504001ADECC /* Release */,
			);
			defaultConfigurationIsVisible = 0;
			defaultConfigurationName = Release;
		};
		A23FB8C427F88504001ADECC /* Build configuration list for PBXNativeTarget "Architecture-CleanSwift" */ = {
			isa = XCConfigurationList;
			buildConfigurations = (
				A23FB8C527F88504001ADECC /* Debug */,
				A23FB8C627F88504001ADECC /* Release */,
			);
			defaultConfigurationIsVisible = 0;
			defaultConfigurationName = Release;
		};
/* End XCConfigurationList section */
	};
	rootObject = A23FB8A827F88504001ADECC /* Project object */;
}
